// !$*UTF8*$!
{
	archiveVersion = 1;
	classes = {
	};
	objectVersion = 55;
	objects = {

/* Begin PBXBuildFile section */
		2B38F3412A14635F008741DB /* GameCenter.h in Headers */ = {isa = PBXBuildFile; fileRef = 2B38F33F2A14635F008741DB /* GameCenter.h */; };
		2B38F3422A14635F008741DB /* GameCenter.mm in Sources */ = {isa = PBXBuildFile; fileRef = 2B38F3402A14635F008741DB /* GameCenter.mm */; };
		2B38F3462A14637A008741DB /* YYRValue.h in Headers */ = {isa = PBXBuildFile; fileRef = 2B38F3432A14637A008741DB /* YYRValue.h */; };
		2B38F3472A14637A008741DB /* Ref.h in Headers */ = {isa = PBXBuildFile; fileRef = 2B38F3442A14637A008741DB /* Ref.h */; };
		2B38F3482A14637A008741DB /* Extension_Interface.h in Headers */ = {isa = PBXBuildFile; fileRef = 2B38F3452A14637A008741DB /* Extension_Interface.h */; };
		6A4E2BA329829E8300562E82 /* libGameCenter.dylib in Copy Files */ = {isa = PBXBuildFile; fileRef = 7E7E4AEB28639E590019D517 /* libGameCenter.dylib */; settings = {ATTRIBUTES = (CodeSignOnCopy, ); }; };
		7E7E4AFF2863A41B0019D517 /* GameKit.framework in Frameworks */ = {isa = PBXBuildFile; fileRef = 7E7E4AFE2863A41B0019D517 /* GameKit.framework */; };
		7E7E4B012863A4280019D517 /* Foundation.framework in Frameworks */ = {isa = PBXBuildFile; fileRef = 7E7E4B002863A4280019D517 /* Foundation.framework */; };
/* End PBXBuildFile section */

/* Begin PBXCopyFilesBuildPhase section */
		6A4E2BA229829E5C00562E82 /* Copy Files */ = {
			isa = PBXCopyFilesBuildPhase;
			buildActionMask = 2147483647;
			dstPath = "${PROJECT_DIR}/../GameCenter_gml/extensions/GameCenter";
			dstSubfolderSpec = 0;
			files = (
				6A4E2BA329829E8300562E82 /* libGameCenter.dylib in Copy Files */,
			);
			name = "Copy Files";
			runOnlyForDeploymentPostprocessing = 0;
		};
/* End PBXCopyFilesBuildPhase section */

/* Begin PBXFileReference section */
		2B38F33F2A14635F008741DB /* GameCenter.h */ = {isa = PBXFileReference; fileEncoding = 4; lastKnownFileType = sourcecode.c.h; name = GameCenter.h; path = ../../GameCenter_gml/extensions/GameCenter/iOSSource/GameCenter.h; sourceTree = "<group>"; };
		2B38F3402A14635F008741DB /* GameCenter.mm */ = {isa = PBXFileReference; fileEncoding = 4; lastKnownFileType = sourcecode.cpp.objcpp; name = GameCenter.mm; path = ../../GameCenter_gml/extensions/GameCenter/iOSSource/GameCenter.mm; sourceTree = "<group>"; };
		2B38F3432A14637A008741DB /* YYRValue.h */ = {isa = PBXFileReference; fileEncoding = 4; lastKnownFileType = sourcecode.c.h; path = YYRValue.h; sourceTree = "<group>"; };
		2B38F3442A14637A008741DB /* Ref.h */ = {isa = PBXFileReference; fileEncoding = 4; lastKnownFileType = sourcecode.c.h; path = Ref.h; sourceTree = "<group>"; };
		2B38F3452A14637A008741DB /* Extension_Interface.h */ = {isa = PBXFileReference; fileEncoding = 4; lastKnownFileType = sourcecode.c.h; path = Extension_Interface.h; sourceTree = "<group>"; };
		7E7E4AEB28639E590019D517 /* libGameCenter.dylib */ = {isa = PBXFileReference; explicitFileType = "compiled.mach-o.dylib"; includeInIndex = 0; path = libGameCenter.dylib; sourceTree = BUILT_PRODUCTS_DIR; };
		7E7E4AFE2863A41B0019D517 /* GameKit.framework */ = {isa = PBXFileReference; lastKnownFileType = wrapper.framework; name = GameKit.framework; path = System/Library/Frameworks/GameKit.framework; sourceTree = SDKROOT; };
		7E7E4B002863A4280019D517 /* Foundation.framework */ = {isa = PBXFileReference; lastKnownFileType = wrapper.framework; name = Foundation.framework; path = System/Library/Frameworks/Foundation.framework; sourceTree = SDKROOT; };
/* End PBXFileReference section */

/* Begin PBXFrameworksBuildPhase section */
		7E7E4AE928639E590019D517 /* Frameworks */ = {
			isa = PBXFrameworksBuildPhase;
			buildActionMask = 2147483647;
			files = (
				7E7E4AFF2863A41B0019D517 /* GameKit.framework in Frameworks */,
				7E7E4B012863A4280019D517 /* Foundation.framework in Frameworks */,
			);
			runOnlyForDeploymentPostprocessing = 0;
		};
/* End PBXFrameworksBuildPhase section */

/* Begin PBXGroup section */
		7E7E4AE228639E590019D517 = {
			isa = PBXGroup;
			children = (
				7E7E4AED28639E590019D517 /* gmgamecenter */,
				7E7E4AEC28639E590019D517 /* Products */,
				7E7E4AFD2863A41B0019D517 /* Frameworks */,
			);
			sourceTree = "<group>";
		};
		7E7E4AEC28639E590019D517 /* Products */ = {
			isa = PBXGroup;
			children = (
				7E7E4AEB28639E590019D517 /* libGameCenter.dylib */,
			);
			name = Products;
			sourceTree = "<group>";
		};
		7E7E4AED28639E590019D517 /* gmgamecenter */ = {
			isa = PBXGroup;
			children = (
				2B38F3452A14637A008741DB /* Extension_Interface.h */,
				2B38F3442A14637A008741DB /* Ref.h */,
				2B38F3432A14637A008741DB /* YYRValue.h */,
				2B38F33F2A14635F008741DB /* GameCenter.h */,
				2B38F3402A14635F008741DB /* GameCenter.mm */,
			);
			path = gmgamecenter;
			sourceTree = "<group>";
		};
		7E7E4AFD2863A41B0019D517 /* Frameworks */ = {
			isa = PBXGroup;
			children = (
				7E7E4B002863A4280019D517 /* Foundation.framework */,
				7E7E4AFE2863A41B0019D517 /* GameKit.framework */,
			);
			name = Frameworks;
			sourceTree = "<group>";
		};
/* End PBXGroup section */

/* Begin PBXHeadersBuildPhase section */
		7E7E4AE728639E590019D517 /* Headers */ = {
			isa = PBXHeadersBuildPhase;
			buildActionMask = 2147483647;
			files = (
				2B38F3482A14637A008741DB /* Extension_Interface.h in Headers */,
				2B38F3472A14637A008741DB /* Ref.h in Headers */,
				2B38F3412A14635F008741DB /* GameCenter.h in Headers */,
				2B38F3462A14637A008741DB /* YYRValue.h in Headers */,
			);
			runOnlyForDeploymentPostprocessing = 0;
		};
/* End PBXHeadersBuildPhase section */

/* Begin PBXNativeTarget section */
		7E7E4AEA28639E590019D517 /* GameCenter */ = {
			isa = PBXNativeTarget;
			buildConfigurationList = 7E7E4AF428639E590019D517 /* Build configuration list for PBXNativeTarget "GameCenter" */;
			buildPhases = (
				7E7E4AE728639E590019D517 /* Headers */,
				7E7E4AE828639E590019D517 /* Sources */,
				7E7E4AE928639E590019D517 /* Frameworks */,
				6A4E2BA229829E5C00562E82 /* Copy Files */,
			);
			buildRules = (
			);
			dependencies = (
			);
			name = GameCenter;
			productName = gmgamecenter;
			productReference = 7E7E4AEB28639E590019D517 /* libGameCenter.dylib */;
			productType = "com.apple.product-type.library.dynamic";
		};
/* End PBXNativeTarget section */

/* Begin PBXProject section */
		7E7E4AE328639E590019D517 /* Project object */ = {
			isa = PBXProject;
			attributes = {
				BuildIndependentTargetsInParallel = 1;
				LastUpgradeCheck = 1340;
				TargetAttributes = {
					7E7E4AEA28639E590019D517 = {
						CreatedOnToolsVersion = 13.4.1;
					};
				};
			};
			buildConfigurationList = 7E7E4AE628639E590019D517 /* Build configuration list for PBXProject "gmgamecenter" */;
			compatibilityVersion = "Xcode 13.0";
			developmentRegion = en;
			hasScannedForEncodings = 0;
			knownRegions = (
				en,
				Base,
			);
			mainGroup = 7E7E4AE228639E590019D517;
			productRefGroup = 7E7E4AEC28639E590019D517 /* Products */;
			projectDirPath = "";
			projectRoot = "";
			targets = (
				7E7E4AEA28639E590019D517 /* GameCenter */,
			);
		};
/* End PBXProject section */

/* Begin PBXSourcesBuildPhase section */
		7E7E4AE828639E590019D517 /* Sources */ = {
			isa = PBXSourcesBuildPhase;
			buildActionMask = 2147483647;
			files = (
				2B38F3422A14635F008741DB /* GameCenter.mm in Sources */,
			);
			runOnlyForDeploymentPostprocessing = 0;
		};
/* End PBXSourcesBuildPhase section */

/* Begin XCBuildConfiguration section */
		7E7E4AF228639E590019D517 /* Debug */ = {
			isa = XCBuildConfiguration;
			buildSettings = {
				ALWAYS_SEARCH_USER_PATHS = NO;
				CLANG_ANALYZER_NONNULL = YES;
				CLANG_ANALYZER_NUMBER_OBJECT_CONVERSION = YES_AGGRESSIVE;
				CLANG_CXX_LANGUAGE_STANDARD = "gnu++17";
				CLANG_ENABLE_MODULES = YES;
				CLANG_ENABLE_OBJC_ARC = YES;
				CLANG_ENABLE_OBJC_WEAK = YES;
				CLANG_WARN_BLOCK_CAPTURE_AUTORELEASING = YES;
				CLANG_WARN_BOOL_CONVERSION = YES;
				CLANG_WARN_COMMA = YES;
				CLANG_WARN_CONSTANT_CONVERSION = YES;
				CLANG_WARN_DEPRECATED_OBJC_IMPLEMENTATIONS = YES;
				CLANG_WARN_DIRECT_OBJC_ISA_USAGE = YES_ERROR;
				CLANG_WARN_DOCUMENTATION_COMMENTS = YES;
				CLANG_WARN_EMPTY_BODY = YES;
				CLANG_WARN_ENUM_CONVERSION = YES;
				CLANG_WARN_INFINITE_RECURSION = YES;
				CLANG_WARN_INT_CONVERSION = YES;
				CLANG_WARN_NON_LITERAL_NULL_CONVERSION = YES;
				CLANG_WARN_OBJC_IMPLICIT_RETAIN_SELF = YES;
				CLANG_WARN_OBJC_LITERAL_CONVERSION = YES;
				CLANG_WARN_OBJC_ROOT_CLASS = YES_ERROR;
				CLANG_WARN_QUOTED_INCLUDE_IN_FRAMEWORK_HEADER = YES;
				CLANG_WARN_RANGE_LOOP_ANALYSIS = YES;
				CLANG_WARN_STRICT_PROTOTYPES = YES;
				CLANG_WARN_SUSPICIOUS_MOVE = YES;
				CLANG_WARN_UNGUARDED_AVAILABILITY = YES_AGGRESSIVE;
				CLANG_WARN_UNREACHABLE_CODE = YES;
				CLANG_WARN__DUPLICATE_METHOD_MATCH = YES;
				COPY_PHASE_STRIP = NO;
				DEBUG_INFORMATION_FORMAT = dwarf;
				ENABLE_STRICT_OBJC_MSGSEND = YES;
				ENABLE_TESTABILITY = YES;
				GCC_C_LANGUAGE_STANDARD = gnu11;
				GCC_DYNAMIC_NO_PIC = NO;
				GCC_NO_COMMON_BLOCKS = YES;
				GCC_OPTIMIZATION_LEVEL = 0;
				GCC_PREPROCESSOR_DEFINITIONS = (
					"BUILDMAC=1",
					"DEBUG=1",
				);
				GCC_WARN_64_TO_32_BIT_CONVERSION = YES;
				GCC_WARN_ABOUT_RETURN_TYPE = YES_ERROR;
				GCC_WARN_UNDECLARED_SELECTOR = YES;
				GCC_WARN_UNINITIALIZED_AUTOS = YES_AGGRESSIVE;
				GCC_WARN_UNUSED_FUNCTION = YES;
				GCC_WARN_UNUSED_VARIABLE = YES;
				MACOSX_DEPLOYMENT_TARGET = "$(RECOMMENDED_MACOSX_DEPLOYMENT_TARGET)";
				MTL_ENABLE_DEBUG_INFO = INCLUDE_SOURCE;
				MTL_FAST_MATH = YES;
				ONLY_ACTIVE_ARCH = NO;
				SDKROOT = macosx;
			};
			name = Debug;
		};
		7E7E4AF328639E590019D517 /* Release */ = {
			isa = XCBuildConfiguration;
			buildSettings = {
				ALWAYS_SEARCH_USER_PATHS = NO;
				CLANG_ANALYZER_NONNULL = YES;
				CLANG_ANALYZER_NUMBER_OBJECT_CONVERSION = YES_AGGRESSIVE;
				CLANG_CXX_LANGUAGE_STANDARD = "gnu++17";
				CLANG_ENABLE_MODULES = YES;
				CLANG_ENABLE_OBJC_ARC = YES;
				CLANG_ENABLE_OBJC_WEAK = YES;
				CLANG_WARN_BLOCK_CAPTURE_AUTORELEASING = YES;
				CLANG_WARN_BOOL_CONVERSION = YES;
				CLANG_WARN_COMMA = YES;
				CLANG_WARN_CONSTANT_CONVERSION = YES;
				CLANG_WARN_DEPRECATED_OBJC_IMPLEMENTATIONS = YES;
				CLANG_WARN_DIRECT_OBJC_ISA_USAGE = YES_ERROR;
				CLANG_WARN_DOCUMENTATION_COMMENTS = YES;
				CLANG_WARN_EMPTY_BODY = YES;
				CLANG_WARN_ENUM_CONVERSION = YES;
				CLANG_WARN_INFINITE_RECURSION = YES;
				CLANG_WARN_INT_CONVERSION = YES;
				CLANG_WARN_NON_LITERAL_NULL_CONVERSION = YES;
				CLANG_WARN_OBJC_IMPLICIT_RETAIN_SELF = YES;
				CLANG_WARN_OBJC_LITERAL_CONVERSION = YES;
				CLANG_WARN_OBJC_ROOT_CLASS = YES_ERROR;
				CLANG_WARN_QUOTED_INCLUDE_IN_FRAMEWORK_HEADER = YES;
				CLANG_WARN_RANGE_LOOP_ANALYSIS = YES;
				CLANG_WARN_STRICT_PROTOTYPES = YES;
				CLANG_WARN_SUSPICIOUS_MOVE = YES;
				CLANG_WARN_UNGUARDED_AVAILABILITY = YES_AGGRESSIVE;
				CLANG_WARN_UNREACHABLE_CODE = YES;
				CLANG_WARN__DUPLICATE_METHOD_MATCH = YES;
				COPY_PHASE_STRIP = NO;
				DEBUG_INFORMATION_FORMAT = "dwarf-with-dsym";
				ENABLE_NS_ASSERTIONS = NO;
				ENABLE_STRICT_OBJC_MSGSEND = YES;
				GCC_C_LANGUAGE_STANDARD = gnu11;
				GCC_NO_COMMON_BLOCKS = YES;
				GCC_PREPROCESSOR_DEFINITIONS = "BUILDMAC=1";
				GCC_WARN_64_TO_32_BIT_CONVERSION = YES;
				GCC_WARN_ABOUT_RETURN_TYPE = YES_ERROR;
				GCC_WARN_UNDECLARED_SELECTOR = YES;
				GCC_WARN_UNINITIALIZED_AUTOS = YES_AGGRESSIVE;
				GCC_WARN_UNUSED_FUNCTION = YES;
				GCC_WARN_UNUSED_VARIABLE = YES;
				MACOSX_DEPLOYMENT_TARGET = "$(RECOMMENDED_MACOSX_DEPLOYMENT_TARGET)";
				MTL_ENABLE_DEBUG_INFO = NO;
				MTL_FAST_MATH = YES;
				ONLY_ACTIVE_ARCH = NO;
				SDKROOT = macosx;
			};
			name = Release;
		};
		7E7E4AF528639E590019D517 /* Debug */ = {
			isa = XCBuildConfiguration;
			buildSettings = {
				CODE_SIGN_STYLE = Automatic;
				DEVELOPMENT_TEAM = C9E7J7HL3D;
				DYLIB_COMPATIBILITY_VERSION = 1;
				DYLIB_CURRENT_VERSION = 1;
				EXECUTABLE_PREFIX = lib;
				ONLY_ACTIVE_ARCH = NO;
				PRODUCT_NAME = "$(TARGET_NAME)";
				SKIP_INSTALL = YES;
			};
			name = Debug;
		};
		7E7E4AF628639E590019D517 /* Release */ = {
			isa = XCBuildConfiguration;
			buildSettings = {
				CODE_SIGN_STYLE = Automatic;
				DEVELOPMENT_TEAM = C9E7J7HL3D;
				DYLIB_COMPATIBILITY_VERSION = 1;
				DYLIB_CURRENT_VERSION = 1;
				EXECUTABLE_PREFIX = lib;
				ONLY_ACTIVE_ARCH = NO;
				PRODUCT_NAME = "$(TARGET_NAME)";
				SKIP_INSTALL = YES;
			};
			name = Release;
		};
/* End XCBuildConfiguration section */

/* Begin XCConfigurationList section */
		7E7E4AE628639E590019D517 /* Build configuration list for PBXProject "gmgamecenter" */ = {
			isa = XCConfigurationList;
			buildConfigurations = (
				7E7E4AF228639E590019D517 /* Debug */,
				7E7E4AF328639E590019D517 /* Release */,
			);
			defaultConfigurationIsVisible = 0;
			defaultConfigurationName = Release;
		};
		7E7E4AF428639E590019D517 /* Build configuration list for PBXNativeTarget "GameCenter" */ = {
			isa = XCConfigurationList;
			buildConfigurations = (
				7E7E4AF528639E590019D517 /* Debug */,
				7E7E4AF628639E590019D517 /* Release */,
			);
			defaultConfigurationIsVisible = 0;
			defaultConfigurationName = Release;
		};
/* End XCConfigurationList section */
	};
	rootObject = 7E7E4AE328639E590019D517 /* Project object */;
}
